
Microsoft Visual Studio Solution File, Format Version 12.00
# Visual Studio Version 16
VisualStudioVersion = 16.0.29806.167
MinimumVisualStudioVersion = 10.0.40219.1
Project("{8BC9CEB8-8B4A-11D0-8D11-00A0C91BC942}") = "Sorting", "Sorting\Sorting.vcxproj", "{71E09056-8C94-454D-9A5D-09717A4DD634}"
EndProject
Global
	GlobalSection(SolutionConfigurationPlatforms) = preSolution
		Debug|x64 = Debug|x64
		Debug|x86 = Debug|x86
		Release|x64 = Release|x64
		Release|x86 = Release|x86
	EndGlobalSection
	GlobalSection(ProjectConfigurationPlatforms) = postSolution
		{71E09056-8C94-454D-9A5D-09717A4DD634}.Debug|x64.ActiveCfg = Debug|x64
		{71E09056-8C94-454D-9A5D-09717A4DD634}.Debug|x64.Build.0 = Debug|x64
		{71E09056-8C94-454D-9A5D-09717A4DD634}.Debug|x86.ActiveCfg = Debug|Win32
		{71E09056-8C94-454D-9A5D-09717A4DD634}.Debug|x86.Build.0 = Debug|Win32
		{71E09056-8C94-454D-9A5D-09717A4DD634}.Release|x64.ActiveCfg = Release|x64
		{71E09056-8C94-454D-9A5D-09717A4DD634}.Release|x64.Build.0 = Release|x64
		{71E09056-8C94-454D-9A5D-09717A4DD634}.Release|x86.ActiveCfg = Release|Win32
		{71E09056-8C94-454D-9A5D-09717A4DD634}.Release|x86.Build.0 = Release|Win32
	EndGlobalSection
	GlobalSection(SolutionProperties) = preSolution
		HideSolutionNode = FALSE
	EndGlobalSection
	GlobalSection(ExtensibilityGlobals) = postSolution
		SolutionGuid = {27C00217-92C9-491E-AB9E-0E0CFDA3A8BC}
	EndGlobalSection
EndGlobal
